// !$*UTF8*$!
{
	archiveVersion = 1;
	classes = {
	};
	objectVersion = 50;
	objects = {

/* Begin PBXBuildFile section */
		691795E922AC12E100184272 /* AppDelegate.swift in Sources */ = {isa = PBXBuildFile; fileRef = 691795E822AC12E100184272 /* AppDelegate.swift */; };
		691795EB22AC12E100184272 /* MapViewController.swift in Sources */ = {isa = PBXBuildFile; fileRef = 691795EA22AC12E100184272 /* MapViewController.swift */; };
		691795EE22AC12E100184272 /* Main.storyboard in Resources */ = {isa = PBXBuildFile; fileRef = 691795EC22AC12E100184272 /* Main.storyboard */; };
		691795F122AC12E100184272 /* WeatherHunter.xcdatamodeld in Sources */ = {isa = PBXBuildFile; fileRef = 691795EF22AC12E100184272 /* WeatherHunter.xcdatamodeld */; };
		691795F322AC12E200184272 /* Assets.xcassets in Resources */ = {isa = PBXBuildFile; fileRef = 691795F222AC12E200184272 /* Assets.xcassets */; };
		691795F622AC12E200184272 /* LaunchScreen.storyboard in Resources */ = {isa = PBXBuildFile; fileRef = 691795F422AC12E200184272 /* LaunchScreen.storyboard */; };
		6917960222AD5A5400184272 /* ShowWeatherViewController.swift in Sources */ = {isa = PBXBuildFile; fileRef = 6917960122AD5A5400184272 /* ShowWeatherViewController.swift */; };
		6917960522AD681000184272 /* Client.swift in Sources */ = {isa = PBXBuildFile; fileRef = 6917960422AD681000184272 /* Client.swift */; };
		6917960722B0277700184272 /* WeatherResponse.swift in Sources */ = {isa = PBXBuildFile; fileRef = 6917960622B0277700184272 /* WeatherResponse.swift */; };
		6917960B22B02F6D00184272 /* TemperatureResponse.swift in Sources */ = {isa = PBXBuildFile; fileRef = 6917960A22B02F6D00184272 /* TemperatureResponse.swift */; };
		6917960D22B0305300184272 /* AreaInfoResponse.swift in Sources */ = {isa = PBXBuildFile; fileRef = 6917960C22B0305300184272 /* AreaInfoResponse.swift */; };
		6917961022B3D3B500184272 /* TableViewCell.swift in Sources */ = {isa = PBXBuildFile; fileRef = 6917960F22B3D3B500184272 /* TableViewCell.swift */; };
		6917961222B4AD6000184272 /* Error.swift in Sources */ = {isa = PBXBuildFile; fileRef = 6917961122B4AD6000184272 /* Error.swift */; };
/* End PBXBuildFile section */

/* Begin PBXFileReference section */
		691795E522AC12E100184272 /* WeatherHunter.app */ = {isa = PBXFileReference; explicitFileType = wrapper.application; includeInIndex = 0; path = WeatherHunter.app; sourceTree = BUILT_PRODUCTS_DIR; };
		691795E822AC12E100184272 /* AppDelegate.swift */ = {isa = PBXFileReference; lastKnownFileType = sourcecode.swift; path = AppDelegate.swift; sourceTree = "<group>"; };
		691795EA22AC12E100184272 /* MapViewController.swift */ = {isa = PBXFileReference; lastKnownFileType = sourcecode.swift; path = MapViewController.swift; sourceTree = "<group>"; };
		691795ED22AC12E100184272 /* Base */ = {isa = PBXFileReference; lastKnownFileType = file.storyboard; name = Base; path = Base.lproj/Main.storyboard; sourceTree = "<group>"; };
		691795F022AC12E100184272 /* WeatherHunter.xcdatamodel */ = {isa = PBXFileReference; lastKnownFileType = wrapper.xcdatamodel; path = WeatherHunter.xcdatamodel; sourceTree = "<group>"; };
		691795F222AC12E200184272 /* Assets.xcassets */ = {isa = PBXFileReference; lastKnownFileType = folder.assetcatalog; path = Assets.xcassets; sourceTree = "<group>"; };
		691795F522AC12E200184272 /* Base */ = {isa = PBXFileReference; lastKnownFileType = file.storyboard; name = Base; path = Base.lproj/LaunchScreen.storyboard; sourceTree = "<group>"; };
		691795F722AC12E200184272 /* Info.plist */ = {isa = PBXFileReference; lastKnownFileType = text.plist.xml; path = Info.plist; sourceTree = "<group>"; };
		6917960122AD5A5400184272 /* ShowWeatherViewController.swift */ = {isa = PBXFileReference; lastKnownFileType = sourcecode.swift; path = ShowWeatherViewController.swift; sourceTree = "<group>"; };
		6917960422AD681000184272 /* Client.swift */ = {isa = PBXFileReference; lastKnownFileType = sourcecode.swift; path = Client.swift; sourceTree = "<group>"; };
		6917960622B0277700184272 /* WeatherResponse.swift */ = {isa = PBXFileReference; lastKnownFileType = sourcecode.swift; path = WeatherResponse.swift; sourceTree = "<group>"; };
		6917960A22B02F6D00184272 /* TemperatureResponse.swift */ = {isa = PBXFileReference; lastKnownFileType = sourcecode.swift; path = TemperatureResponse.swift; sourceTree = "<group>"; };
		6917960C22B0305300184272 /* AreaInfoResponse.swift */ = {isa = PBXFileReference; lastKnownFileType = sourcecode.swift; path = AreaInfoResponse.swift; sourceTree = "<group>"; };
		6917960F22B3D3B500184272 /* TableViewCell.swift */ = {isa = PBXFileReference; lastKnownFileType = sourcecode.swift; path = TableViewCell.swift; sourceTree = "<group>"; };
		6917961122B4AD6000184272 /* Error.swift */ = {isa = PBXFileReference; lastKnownFileType = sourcecode.swift; path = Error.swift; sourceTree = "<group>"; };
/* End PBXFileReference section */

/* Begin PBXFrameworksBuildPhase section */
		691795E222AC12E100184272 /* Frameworks */ = {
			isa = PBXFrameworksBuildPhase;
			buildActionMask = 2147483647;
			files = (
			);
			runOnlyForDeploymentPostprocessing = 0;
		};
/* End PBXFrameworksBuildPhase section */

/* Begin PBXGroup section */
		691795DC22AC12E100184272 = {
			isa = PBXGroup;
			children = (
				691795E722AC12E100184272 /* WeatherHunter */,
				691795E622AC12E100184272 /* Products */,
			);
			sourceTree = "<group>";
		};
		691795E622AC12E100184272 /* Products */ = {
			isa = PBXGroup;
			children = (
				691795E522AC12E100184272 /* WeatherHunter.app */,
			);
			name = Products;
			sourceTree = "<group>";
		};
		691795E722AC12E100184272 /* WeatherHunter */ = {
			isa = PBXGroup;
			children = (
				6917960E22B3D38900184272 /* View */,
				6917960322AD67E500184272 /* Client */,
				6917960022AC132900184272 /* Assets */,
				691795FF22AC131900184272 /* Response */,
				691795FE22AC130D00184272 /* Request */,
				691795FD22AC12F400184272 /* Controllers */,
				691795E822AC12E100184272 /* AppDelegate.swift */,
				691795EF22AC12E100184272 /* WeatherHunter.xcdatamodeld */,
			);
			path = WeatherHunter;
			sourceTree = "<group>";
		};
		691795FD22AC12F400184272 /* Controllers */ = {
			isa = PBXGroup;
			children = (
				691795EA22AC12E100184272 /* MapViewController.swift */,
				6917960122AD5A5400184272 /* ShowWeatherViewController.swift */,
			);
			path = Controllers;
			sourceTree = "<group>";
		};
		691795FE22AC130D00184272 /* Request */ = {
			isa = PBXGroup;
			children = (
			);
			path = Request;
			sourceTree = "<group>";
		};
		691795FF22AC131900184272 /* Response */ = {
			isa = PBXGroup;
			children = (
				6917960622B0277700184272 /* WeatherResponse.swift */,
				6917960A22B02F6D00184272 /* TemperatureResponse.swift */,
				6917960C22B0305300184272 /* AreaInfoResponse.swift */,
			);
			path = Response;
			sourceTree = "<group>";
		};
		6917960022AC132900184272 /* Assets */ = {
			isa = PBXGroup;
			children = (
				691795F722AC12E200184272 /* Info.plist */,
				691795F422AC12E200184272 /* LaunchScreen.storyboard */,
				691795F222AC12E200184272 /* Assets.xcassets */,
				691795EC22AC12E100184272 /* Main.storyboard */,
				6917961122B4AD6000184272 /* Error.swift */,
			);
			path = Assets;
			sourceTree = "<group>";
		};
		6917960322AD67E500184272 /* Client */ = {
			isa = PBXGroup;
			children = (
				6917960422AD681000184272 /* Client.swift */,
			);
			path = Client;
			sourceTree = "<group>";
		};
		6917960E22B3D38900184272 /* View */ = {
			isa = PBXGroup;
			children = (
				6917960F22B3D3B500184272 /* TableViewCell.swift */,
			);
			path = View;
			sourceTree = "<group>";
		};
/* End PBXGroup section */

/* Begin PBXNativeTarget section */
		691795E422AC12E100184272 /* WeatherHunter */ = {
			isa = PBXNativeTarget;
			buildConfigurationList = 691795FA22AC12E200184272 /* Build configuration list for PBXNativeTarget "WeatherHunter" */;
			buildPhases = (
				691795E122AC12E100184272 /* Sources */,
				691795E222AC12E100184272 /* Frameworks */,
				691795E322AC12E100184272 /* Resources */,
			);
			buildRules = (
			);
			dependencies = (
			);
			name = WeatherHunter;
			productName = WeatherHunter;
			productReference = 691795E522AC12E100184272 /* WeatherHunter.app */;
			productType = "com.apple.product-type.application";
		};
/* End PBXNativeTarget section */

/* Begin PBXProject section */
		691795DD22AC12E100184272 /* Project object */ = {
			isa = PBXProject;
			attributes = {
				LastSwiftUpdateCheck = 1010;
				LastUpgradeCheck = 1010;
				ORGANIZATIONNAME = Dzhavid;
				TargetAttributes = {
					691795E422AC12E100184272 = {
						CreatedOnToolsVersion = 10.1;
					};
				};
			};
			buildConfigurationList = 691795E022AC12E100184272 /* Build configuration list for PBXProject "WeatherHunter" */;
			compatibilityVersion = "Xcode 9.3";
			developmentRegion = en;
			hasScannedForEncodings = 0;
			knownRegions = (
				en,
				Base,
			);
			mainGroup = 691795DC22AC12E100184272;
			productRefGroup = 691795E622AC12E100184272 /* Products */;
			projectDirPath = "";
			projectRoot = "";
			targets = (
				691795E422AC12E100184272 /* WeatherHunter */,
			);
		};
/* End PBXProject section */

/* Begin PBXResourcesBuildPhase section */
		691795E322AC12E100184272 /* Resources */ = {
			isa = PBXResourcesBuildPhase;
			buildActionMask = 2147483647;
			files = (
				691795F622AC12E200184272 /* LaunchScreen.storyboard in Resources */,
				691795F322AC12E200184272 /* Assets.xcassets in Resources */,
				691795EE22AC12E100184272 /* Main.storyboard in Resources */,
			);
			runOnlyForDeploymentPostprocessing = 0;
		};
/* End PBXResourcesBuildPhase section */

/* Begin PBXSourcesBuildPhase section */
		691795E122AC12E100184272 /* Sources */ = {
			isa = PBXSourcesBuildPhase;
			buildActionMask = 2147483647;
			files = (
				691795F122AC12E100184272 /* WeatherHunter.xcdatamodeld in Sources */,
				6917960722B0277700184272 /* WeatherResponse.swift in Sources */,
				691795EB22AC12E100184272 /* MapViewController.swift in Sources */,
				6917961022B3D3B500184272 /* TableViewCell.swift in Sources */,
				6917960222AD5A5400184272 /* ShowWeatherViewController.swift in Sources */,
				6917960522AD681000184272 /* Client.swift in Sources */,
				6917960D22B0305300184272 /* AreaInfoResponse.swift in Sources */,
				691795E922AC12E100184272 /* AppDelegate.swift in Sources */,
				6917961222B4AD6000184272 /* Error.swift in Sources */,
				6917960B22B02F6D00184272 /* TemperatureResponse.swift in Sources */,
			);
			runOnlyForDeploymentPostprocessing = 0;
		};
/* End PBXSourcesBuildPhase section */

/* Begin PBXVariantGroup section */
		691795EC22AC12E100184272 /* Main.storyboard */ = {
			isa = PBXVariantGroup;
			children = (
				691795ED22AC12E100184272 /* Base */,
			);
			name = Main.storyboard;
			sourceTree = "<group>";
		};
		691795F422AC12E200184272 /* LaunchScreen.storyboard */ = {
			isa = PBXVariantGroup;
			children = (
				691795F522AC12E200184272 /* Base */,
			);
			name = LaunchScreen.storyboard;
			sourceTree = "<group>";
		};
/* End PBXVariantGroup section */

/* Begin XCBuildConfiguration section */
		691795F822AC12E200184272 /* Debug */ = {
			isa = XCBuildConfiguration;
			buildSettings = {
				ALWAYS_SEARCH_USER_PATHS = NO;
				CLANG_ANALYZER_NONNULL = YES;
				CLANG_ANALYZER_NUMBER_OBJECT_CONVERSION = YES_AGGRESSIVE;
				CLANG_CXX_LANGUAGE_STANDARD = "gnu++14";
				CLANG_CXX_LIBRARY = "libc++";
				CLANG_ENABLE_MODULES = YES;
				CLANG_ENABLE_OBJC_ARC = YES;
				CLANG_ENABLE_OBJC_WEAK = YES;
				CLANG_WARN_BLOCK_CAPTURE_AUTORELEASING = YES;
				CLANG_WARN_BOOL_CONVERSION = YES;
				CLANG_WARN_COMMA = YES;
				CLANG_WARN_CONSTANT_CONVERSION = YES;
				CLANG_WARN_DEPRECATED_OBJC_IMPLEMENTATIONS = YES;
				CLANG_WARN_DIRECT_OBJC_ISA_USAGE = YES_ERROR;
				CLANG_WARN_DOCUMENTATION_COMMENTS = YES;
				CLANG_WARN_EMPTY_BODY = YES;
				CLANG_WARN_ENUM_CONVERSION = YES;
				CLANG_WARN_INFINITE_RECURSION = YES;
				CLANG_WARN_INT_CONVERSION = YES;
				CLANG_WARN_NON_LITERAL_NULL_CONVERSION = YES;
				CLANG_WARN_OBJC_IMPLICIT_RETAIN_SELF = YES;
				CLANG_WARN_OBJC_LITERAL_CONVERSION = YES;
				CLANG_WARN_OBJC_ROOT_CLASS = YES_ERROR;
				CLANG_WARN_RANGE_LOOP_ANALYSIS = YES;
				CLANG_WARN_STRICT_PROTOTYPES = YES;
				CLANG_WARN_SUSPICIOUS_MOVE = YES;
				CLANG_WARN_UNGUARDED_AVAILABILITY = YES_AGGRESSIVE;
				CLANG_WARN_UNREACHABLE_CODE = YES;
				CLANG_WARN__DUPLICATE_METHOD_MATCH = YES;
				CODE_SIGN_IDENTITY = "iPhone Developer";
				COPY_PHASE_STRIP = NO;
				DEBUG_INFORMATION_FORMAT = dwarf;
				ENABLE_STRICT_OBJC_MSGSEND = YES;
				ENABLE_TESTABILITY = YES;
				GCC_C_LANGUAGE_STANDARD = gnu11;
				GCC_DYNAMIC_NO_PIC = NO;
				GCC_NO_COMMON_BLOCKS = YES;
				GCC_OPTIMIZATION_LEVEL = 0;
				GCC_PREPROCESSOR_DEFINITIONS = (
					"DEBUG=1",
					"$(inherited)",
				);
				GCC_WARN_64_TO_32_BIT_CONVERSION = YES;
				GCC_WARN_ABOUT_RETURN_TYPE = YES_ERROR;
				GCC_WARN_UNDECLARED_SELECTOR = YES;
				GCC_WARN_UNINITIALIZED_AUTOS = YES_AGGRESSIVE;
				GCC_WARN_UNUSED_FUNCTION = YES;
				GCC_WARN_UNUSED_VARIABLE = YES;
				IPHONEOS_DEPLOYMENT_TARGET = 12.1;
				MTL_ENABLE_DEBUG_INFO = INCLUDE_SOURCE;
				MTL_FAST_MATH = YES;
				ONLY_ACTIVE_ARCH = YES;
				SDKROOT = iphoneos;
				SWIFT_ACTIVE_COMPILATION_CONDITIONS = DEBUG;
				SWIFT_OPTIMIZATION_LEVEL = "-Onone";
			};
			name = Debug;
		};
		691795F922AC12E200184272 /* Release */ = {
			isa = XCBuildConfiguration;
			buildSettings = {
				ALWAYS_SEARCH_USER_PATHS = NO;
				CLANG_ANALYZER_NONNULL = YES;
				CLANG_ANALYZER_NUMBER_OBJECT_CONVERSION = YES_AGGRESSIVE;
				CLANG_CXX_LANGUAGE_STANDARD = "gnu++14";
				CLANG_CXX_LIBRARY = "libc++";
				CLANG_ENABLE_MODULES = YES;
				CLANG_ENABLE_OBJC_ARC = YES;
				CLANG_ENABLE_OBJC_WEAK = YES;
				CLANG_WARN_BLOCK_CAPTURE_AUTORELEASING = YES;
				CLANG_WARN_BOOL_CONVERSION = YES;
				CLANG_WARN_COMMA = YES;
				CLANG_WARN_CONSTANT_CONVERSION = YES;
				CLANG_WARN_DEPRECATED_OBJC_IMPLEMENTATIONS = YES;
				CLANG_WARN_DIRECT_OBJC_ISA_USAGE = YES_ERROR;
				CLANG_WARN_DOCUMENTATION_COMMENTS = YES;
				CLANG_WARN_EMPTY_BODY = YES;
				CLANG_WARN_ENUM_CONVERSION = YES;
				CLANG_WARN_INFINITE_RECURSION = YES;
				CLANG_WARN_INT_CONVERSION = YES;
				CLANG_WARN_NON_LITERAL_NULL_CONVERSION = YES;
				CLANG_WARN_OBJC_IMPLICIT_RETAIN_SELF = YES;
				CLANG_WARN_OBJC_LITERAL_CONVERSION = YES;
				CLANG_WARN_OBJC_ROOT_CLASS = YES_ERROR;
				CLANG_WARN_RANGE_LOOP_ANALYSIS = YES;
				CLANG_WARN_STRICT_PROTOTYPES = YES;
				CLANG_WARN_SUSPICIOUS_MOVE = YES;
				CLANG_WARN_UNGUARDED_AVAILABILITY = YES_AGGRESSIVE;
				CLANG_WARN_UNREACHABLE_CODE = YES;
				CLANG_WARN__DUPLICATE_METHOD_MATCH = YES;
				CODE_SIGN_IDENTITY = "iPhone Developer";
				COPY_PHASE_STRIP = NO;
				DEBUG_INFORMATION_FORMAT = "dwarf-with-dsym";
				ENABLE_NS_ASSERTIONS = NO;
				ENABLE_STRICT_OBJC_MSGSEND = YES;
				GCC_C_LANGUAGE_STANDARD = gnu11;
				GCC_NO_COMMON_BLOCKS = YES;
				GCC_WARN_64_TO_32_BIT_CONVERSION = YES;
				GCC_WARN_ABOUT_RETURN_TYPE = YES_ERROR;
				GCC_WARN_UNDECLARED_SELECTOR = YES;
				GCC_WARN_UNINITIALIZED_AUTOS = YES_AGGRESSIVE;
				GCC_WARN_UNUSED_FUNCTION = YES;
				GCC_WARN_UNUSED_VARIABLE = YES;
				IPHONEOS_DEPLOYMENT_TARGET = 12.1;
				MTL_ENABLE_DEBUG_INFO = NO;
				MTL_FAST_MATH = YES;
				SDKROOT = iphoneos;
				SWIFT_COMPILATION_MODE = wholemodule;
				SWIFT_OPTIMIZATION_LEVEL = "-O";
				VALIDATE_PRODUCT = YES;
			};
			name = Release;
		};
		691795FB22AC12E200184272 /* Debug */ = {
			isa = XCBuildConfiguration;
			buildSettings = {
				ASSETCATALOG_COMPILER_APPICON_NAME = AppIcon;
				CODE_SIGN_STYLE = Automatic;
				DEVELOPMENT_TEAM = SYZY55323Y;
				INFOPLIST_FILE = "$(SRCROOT)/WeatherHunter/Assets/Info.plist";
				LD_RUNPATH_SEARCH_PATHS = (
					"$(inherited)",
					"@executable_path/Frameworks",
				);
				PRODUCT_BUNDLE_IDENTIFIER = com.udacity.WeatherHunter;
				PRODUCT_NAME = "$(TARGET_NAME)";
				SWIFT_VERSION = 4.2;
				TARGETED_DEVICE_FAMILY = "1,2";
			};
			name = Debug;
		};
		691795FC22AC12E200184272 /* Release */ = {
			isa = XCBuildConfiguration;
			buildSettings = {
				ASSETCATALOG_COMPILER_APPICON_NAME = AppIcon;
				CODE_SIGN_STYLE = Automatic;
				DEVELOPMENT_TEAM = SYZY55323Y;
				INFOPLIST_FILE = "$(SRCROOT)/WeatherHunter/Assets/Info.plist";
				LD_RUNPATH_SEARCH_PATHS = (
					"$(inherited)",
					"@executable_path/Frameworks",
				);
				PRODUCT_BUNDLE_IDENTIFIER = com.udacity.WeatherHunter;
				PRODUCT_NAME = "$(TARGET_NAME)";
				SWIFT_VERSION = 4.2;
				TARGETED_DEVICE_FAMILY = "1,2";
			};
			name = Release;
		};
/* End XCBuildConfiguration section */

/* Begin XCConfigurationList section */
		691795E022AC12E100184272 /* Build configuration list for PBXProject "WeatherHunter" */ = {
			isa = XCConfigurationList;
			buildConfigurations = (
				691795F822AC12E200184272 /* Debug */,
				691795F922AC12E200184272 /* Release */,
			);
			defaultConfigurationIsVisible = 0;
			defaultConfigurationName = Release;
		};
		691795FA22AC12E200184272 /* Build configuration list for PBXNativeTarget "WeatherHunter" */ = {
			isa = XCConfigurationList;
			buildConfigurations = (
				691795FB22AC12E200184272 /* Debug */,
				691795FC22AC12E200184272 /* Release */,
			);
			defaultConfigurationIsVisible = 0;
			defaultConfigurationName = Release;
		};
/* End XCConfigurationList section */

/* Begin XCVersionGroup section */
		691795EF22AC12E100184272 /* WeatherHunter.xcdatamodeld */ = {
			isa = XCVersionGroup;
			children = (
				691795F022AC12E100184272 /* WeatherHunter.xcdatamodel */,
			);
			currentVersion = 691795F022AC12E100184272 /* WeatherHunter.xcdatamodel */;
			path = WeatherHunter.xcdatamodeld;
			sourceTree = "<group>";
			versionGroupType = wrapper.xcdatamodel;
		};
/* End XCVersionGroup section */
	};
	rootObject = 691795DD22AC12E100184272 /* Project object */;
}
